// !$*UTF8*$!
{
	archiveVersion = 1;
	classes = {
	};
	objectVersion = 56;
	objects = {

/* Begin PBXBuildFile section */
		211828A12A4B958A0092A148 /* SideMenuView.swift in Sources */ = {isa = PBXBuildFile; fileRef = 211828A02A4B958A0092A148 /* SideMenuView.swift */; };
		211828A32A4B9B220092A148 /* SideMenuOptionViewModel.swift in Sources */ = {isa = PBXBuildFile; fileRef = 211828A22A4B9B220092A148 /* SideMenuOptionViewModel.swift */; };
		211828A52A4B9CD90092A148 /* SideMenuOptionView.swift in Sources */ = {isa = PBXBuildFile; fileRef = 211828A42A4B9CD90092A148 /* SideMenuOptionView.swift */; };
		219016022A367E8900AFEC3A /* LocationSearchActivationView.swift in Sources */ = {isa = PBXBuildFile; fileRef = 219016012A367E8900AFEC3A /* LocationSearchActivationView.swift */; };
		219016042A36826D00AFEC3A /* MapViewActionButton.swift in Sources */ = {isa = PBXBuildFile; fileRef = 219016032A36826D00AFEC3A /* MapViewActionButton.swift */; };
		219016062A36847300AFEC3A /* LocationSearchView.swift in Sources */ = {isa = PBXBuildFile; fileRef = 219016052A36847300AFEC3A /* LocationSearchView.swift */; };
		219016082A368AF800AFEC3A /* LocationSearchResultCell.swift in Sources */ = {isa = PBXBuildFile; fileRef = 219016072A368AF800AFEC3A /* LocationSearchResultCell.swift */; };
		2192BF072A392D8A00F27259 /* MapViewState.swift in Sources */ = {isa = PBXBuildFile; fileRef = 2192BF062A392D8A00F27259 /* MapViewState.swift */; };
		2192DDCD2A365FAF00D02112 /* ride_swiftuiApp.swift in Sources */ = {isa = PBXBuildFile; fileRef = 2192DDCC2A365FAF00D02112 /* ride_swiftuiApp.swift */; };
		2192DDD12A365FB000D02112 /* Assets.xcassets in Resources */ = {isa = PBXBuildFile; fileRef = 2192DDD02A365FB000D02112 /* Assets.xcassets */; };
		2192DDD42A365FB000D02112 /* Preview Assets.xcassets in Resources */ = {isa = PBXBuildFile; fileRef = 2192DDD32A365FB000D02112 /* Preview Assets.xcassets */; };
		2192DDE32A36613400D02112 /* HomeView.swift in Sources */ = {isa = PBXBuildFile; fileRef = 2192DDE22A36613400D02112 /* HomeView.swift */; };
		2192DDE52A3661CC00D02112 /* RideMapViewRepresentable.swift in Sources */ = {isa = PBXBuildFile; fileRef = 2192DDE42A3661CC00D02112 /* RideMapViewRepresentable.swift */; };
		2192DDE72A36668000D02112 /* LocationManager.swift in Sources */ = {isa = PBXBuildFile; fileRef = 2192DDE62A36668000D02112 /* LocationManager.swift */; };
		219320BD2A4CF6C400D264D4 /* SettingsView.swift in Sources */ = {isa = PBXBuildFile; fileRef = 219320BC2A4CF6C400D264D4 /* SettingsView.swift */; };
		219320C12A4CFB4000D264D4 /* SavedLocationRowView.swift in Sources */ = {isa = PBXBuildFile; fileRef = 219320C02A4CFB4000D264D4 /* SavedLocationRowView.swift */; };
		219320C32A4CFD9C00D264D4 /* SettingsRowView.swift in Sources */ = {isa = PBXBuildFile; fileRef = 219320C22A4CFD9C00D264D4 /* SettingsRowView.swift */; };
		2195CCDC2A4E1F810045E26A /* SavedLocatonVeiwModel.swift in Sources */ = {isa = PBXBuildFile; fileRef = 2195CCDB2A4E1F810045E26A /* SavedLocatonVeiwModel.swift */; };
		219927ED2A3FB7D8006BA146 /* RideType.swift in Sources */ = {isa = PBXBuildFile; fileRef = 219927EC2A3FB7D8006BA146 /* RideType.swift */; };
		219927EF2A3FD2C9006BA146 /* Double.swift in Sources */ = {isa = PBXBuildFile; fileRef = 219927EE2A3FD2C9006BA146 /* Double.swift */; };
		2199F2F42A4E684300DD50B1 /* LocationSearchResultsView.swift in Sources */ = {isa = PBXBuildFile; fileRef = 2199F2F32A4E684300DD50B1 /* LocationSearchResultsView.swift */; };
		219B8F572A4F9676003307F5 /* SavedLocation.swift in Sources */ = {isa = PBXBuildFile; fileRef = 219B8F562A4F9676003307F5 /* SavedLocation.swift */; };
		219F0A292A464F42003A9740 /* LoginView.swift in Sources */ = {isa = PBXBuildFile; fileRef = 219F0A282A464F42003A9740 /* LoginView.swift */; };
		219F0A2B2A464F5E003A9740 /* RegistrationView.swift in Sources */ = {isa = PBXBuildFile; fileRef = 219F0A2A2A464F5E003A9740 /* RegistrationView.swift */; };
		21A22FC12A37DF7B001B30EC /* LocationSearchVIewModel.swift in Sources */ = {isa = PBXBuildFile; fileRef = 21A22FC02A37DF7B001B30EC /* LocationSearchVIewModel.swift */; };
		21AB155A2A44DD06002F090C /* RideLocation.swift in Sources */ = {isa = PBXBuildFile; fileRef = 21AB15592A44DD06002F090C /* RideLocation.swift */; };
		21AB155C2A44E8EE002F090C /* Color.swift in Sources */ = {isa = PBXBuildFile; fileRef = 21AB155B2A44E8EE002F090C /* Color.swift */; };
		21B16A822A47AB72005EC452 /* CustomInputField.swift in Sources */ = {isa = PBXBuildFile; fileRef = 21B16A812A47AB72005EC452 /* CustomInputField.swift */; };
		21B1B8A42A4A41820009E920 /* AuthViewModel.swift in Sources */ = {isa = PBXBuildFile; fileRef = 21B1B8A32A4A41820009E920 /* AuthViewModel.swift */; };
		21B29D7F2A48E72A00AD3F5D /* GoogleService-Info.plist in Resources */ = {isa = PBXBuildFile; fileRef = 21B29D7E2A48E72A00AD3F5D /* GoogleService-Info.plist */; };
		21B29D822A48EFAD00AD3F5D /* FirebaseAuth in Frameworks */ = {isa = PBXBuildFile; productRef = 21B29D812A48EFAD00AD3F5D /* FirebaseAuth */; };
		21B29D842A48EFAD00AD3F5D /* FirebaseFirestore in Frameworks */ = {isa = PBXBuildFile; productRef = 21B29D832A48EFAD00AD3F5D /* FirebaseFirestore */; };
		21B29D862A48EFAD00AD3F5D /* FirebaseFirestoreSwift in Frameworks */ = {isa = PBXBuildFile; productRef = 21B29D852A48EFAD00AD3F5D /* FirebaseFirestoreSwift */; };
		21B29D882A48EFAD00AD3F5D /* FirebaseStorage in Frameworks */ = {isa = PBXBuildFile; productRef = 21B29D872A48EFAD00AD3F5D /* FirebaseStorage */; };
		21B73E162A4B67B800878F21 /* User.swift in Sources */ = {isa = PBXBuildFile; fileRef = 21B73E152A4B67B800878F21 /* User.swift */; };
		21D364342A3B9DE10029C7C3 /* TripRequestView.swift in Sources */ = {isa = PBXBuildFile; fileRef = 21D364332A3B9DE10029C7C3 /* TripRequestView.swift */; };
		21E29B992A4E503200676B83 /* SavedLocationSearchView.swift in Sources */ = {isa = PBXBuildFile; fileRef = 21E29B982A4E503200676B83 /* SavedLocationSearchView.swift */; };
/* End PBXBuildFile section */

/* Begin PBXFileReference section */
		211828A02A4B958A0092A148 /* SideMenuView.swift */ = {isa = PBXFileReference; lastKnownFileType = sourcecode.swift; path = SideMenuView.swift; sourceTree = "<group>"; };
		211828A22A4B9B220092A148 /* SideMenuOptionViewModel.swift */ = {isa = PBXFileReference; lastKnownFileType = sourcecode.swift; path = SideMenuOptionViewModel.swift; sourceTree = "<group>"; };
		211828A42A4B9CD90092A148 /* SideMenuOptionView.swift */ = {isa = PBXFileReference; lastKnownFileType = sourcecode.swift; path = SideMenuOptionView.swift; sourceTree = "<group>"; };
		219016012A367E8900AFEC3A /* LocationSearchActivationView.swift */ = {isa = PBXFileReference; lastKnownFileType = sourcecode.swift; path = LocationSearchActivationView.swift; sourceTree = "<group>"; };
		219016032A36826D00AFEC3A /* MapViewActionButton.swift */ = {isa = PBXFileReference; lastKnownFileType = sourcecode.swift; path = MapViewActionButton.swift; sourceTree = "<group>"; };
		219016052A36847300AFEC3A /* LocationSearchView.swift */ = {isa = PBXFileReference; lastKnownFileType = sourcecode.swift; path = LocationSearchView.swift; sourceTree = "<group>"; };
		219016072A368AF800AFEC3A /* LocationSearchResultCell.swift */ = {isa = PBXFileReference; lastKnownFileType = sourcecode.swift; path = LocationSearchResultCell.swift; sourceTree = "<group>"; };
		2192BF062A392D8A00F27259 /* MapViewState.swift */ = {isa = PBXFileReference; lastKnownFileType = sourcecode.swift; path = MapViewState.swift; sourceTree = "<group>"; };
		2192DDC92A365FAF00D02112 /* ride-swiftui.app */ = {isa = PBXFileReference; explicitFileType = wrapper.application; includeInIndex = 0; path = "ride-swiftui.app"; sourceTree = BUILT_PRODUCTS_DIR; };
		2192DDCC2A365FAF00D02112 /* ride_swiftuiApp.swift */ = {isa = PBXFileReference; lastKnownFileType = sourcecode.swift; path = ride_swiftuiApp.swift; sourceTree = "<group>"; };
		2192DDD02A365FB000D02112 /* Assets.xcassets */ = {isa = PBXFileReference; lastKnownFileType = folder.assetcatalog; path = Assets.xcassets; sourceTree = "<group>"; };
		2192DDD32A365FB000D02112 /* Preview Assets.xcassets */ = {isa = PBXFileReference; lastKnownFileType = folder.assetcatalog; path = "Preview Assets.xcassets"; sourceTree = "<group>"; };
		2192DDE22A36613400D02112 /* HomeView.swift */ = {isa = PBXFileReference; lastKnownFileType = sourcecode.swift; path = HomeView.swift; sourceTree = "<group>"; };
		2192DDE42A3661CC00D02112 /* RideMapViewRepresentable.swift */ = {isa = PBXFileReference; lastKnownFileType = sourcecode.swift; path = RideMapViewRepresentable.swift; sourceTree = "<group>"; };
		2192DDE62A36668000D02112 /* LocationManager.swift */ = {isa = PBXFileReference; lastKnownFileType = sourcecode.swift; path = LocationManager.swift; sourceTree = "<group>"; };
		219320BC2A4CF6C400D264D4 /* SettingsView.swift */ = {isa = PBXFileReference; lastKnownFileType = sourcecode.swift; path = SettingsView.swift; sourceTree = "<group>"; };
		219320C02A4CFB4000D264D4 /* SavedLocationRowView.swift */ = {isa = PBXFileReference; lastKnownFileType = sourcecode.swift; path = SavedLocationRowView.swift; sourceTree = "<group>"; };
		219320C22A4CFD9C00D264D4 /* SettingsRowView.swift */ = {isa = PBXFileReference; lastKnownFileType = sourcecode.swift; path = SettingsRowView.swift; sourceTree = "<group>"; };
		2195CCDB2A4E1F810045E26A /* SavedLocatonVeiwModel.swift */ = {isa = PBXFileReference; lastKnownFileType = sourcecode.swift; path = SavedLocatonVeiwModel.swift; sourceTree = "<group>"; };
		219927EC2A3FB7D8006BA146 /* RideType.swift */ = {isa = PBXFileReference; lastKnownFileType = sourcecode.swift; path = RideType.swift; sourceTree = "<group>"; };
		219927EE2A3FD2C9006BA146 /* Double.swift */ = {isa = PBXFileReference; lastKnownFileType = sourcecode.swift; path = Double.swift; sourceTree = "<group>"; };
		2199F2F32A4E684300DD50B1 /* LocationSearchResultsView.swift */ = {isa = PBXFileReference; lastKnownFileType = sourcecode.swift; path = LocationSearchResultsView.swift; sourceTree = "<group>"; };
		219B8F562A4F9676003307F5 /* SavedLocation.swift */ = {isa = PBXFileReference; lastKnownFileType = sourcecode.swift; path = SavedLocation.swift; sourceTree = "<group>"; };
		219F0A282A464F42003A9740 /* LoginView.swift */ = {isa = PBXFileReference; lastKnownFileType = sourcecode.swift; path = LoginView.swift; sourceTree = "<group>"; };
		219F0A2A2A464F5E003A9740 /* RegistrationView.swift */ = {isa = PBXFileReference; lastKnownFileType = sourcecode.swift; path = RegistrationView.swift; sourceTree = "<group>"; };
		21A22FC02A37DF7B001B30EC /* LocationSearchVIewModel.swift */ = {isa = PBXFileReference; lastKnownFileType = sourcecode.swift; path = LocationSearchVIewModel.swift; sourceTree = "<group>"; };
		21AB15592A44DD06002F090C /* RideLocation.swift */ = {isa = PBXFileReference; lastKnownFileType = sourcecode.swift; path = RideLocation.swift; sourceTree = "<group>"; };
		21AB155B2A44E8EE002F090C /* Color.swift */ = {isa = PBXFileReference; lastKnownFileType = sourcecode.swift; path = Color.swift; sourceTree = "<group>"; };
		21B16A812A47AB72005EC452 /* CustomInputField.swift */ = {isa = PBXFileReference; lastKnownFileType = sourcecode.swift; path = CustomInputField.swift; sourceTree = "<group>"; };
		21B1B8A32A4A41820009E920 /* AuthViewModel.swift */ = {isa = PBXFileReference; lastKnownFileType = sourcecode.swift; path = AuthViewModel.swift; sourceTree = "<group>"; };
		21B29D7E2A48E72A00AD3F5D /* GoogleService-Info.plist */ = {isa = PBXFileReference; fileEncoding = 4; lastKnownFileType = text.plist.xml; name = "GoogleService-Info.plist"; path = "../../../GoogleService-Info.plist"; sourceTree = "<group>"; };
		21B73E152A4B67B800878F21 /* User.swift */ = {isa = PBXFileReference; lastKnownFileType = sourcecode.swift; path = User.swift; sourceTree = "<group>"; };
		21D364332A3B9DE10029C7C3 /* TripRequestView.swift */ = {isa = PBXFileReference; lastKnownFileType = sourcecode.swift; path = TripRequestView.swift; sourceTree = "<group>"; };
		21E29B982A4E503200676B83 /* SavedLocationSearchView.swift */ = {isa = PBXFileReference; lastKnownFileType = sourcecode.swift; path = SavedLocationSearchView.swift; sourceTree = "<group>"; };
/* End PBXFileReference section */

/* Begin PBXFrameworksBuildPhase section */
		2192DDC62A365FAF00D02112 /* Frameworks */ = {
			isa = PBXFrameworksBuildPhase;
			buildActionMask = 2147483647;
			files = (
				21B29D822A48EFAD00AD3F5D /* FirebaseAuth in Frameworks */,
				21B29D882A48EFAD00AD3F5D /* FirebaseStorage in Frameworks */,
				21B29D842A48EFAD00AD3F5D /* FirebaseFirestore in Frameworks */,
				21B29D862A48EFAD00AD3F5D /* FirebaseFirestoreSwift in Frameworks */,
			);
			runOnlyForDeploymentPostprocessing = 0;
		};
/* End PBXFrameworksBuildPhase section */

/* Begin PBXGroup section */
		2118289D2A4B95390092A148 /* SideMenu */ = {
			isa = PBXGroup;
			children = (
				2118289F2A4B95540092A148 /* Views */,
				2118289E2A4B95480092A148 /* ViewModel */,
			);
			path = SideMenu;
			sourceTree = "<group>";
		};
		2118289E2A4B95480092A148 /* ViewModel */ = {
			isa = PBXGroup;
			children = (
				211828A22A4B9B220092A148 /* SideMenuOptionViewModel.swift */,
			);
			path = ViewModel;
			sourceTree = "<group>";
		};
		2118289F2A4B95540092A148 /* Views */ = {
			isa = PBXGroup;
			children = (
				211828A02A4B958A0092A148 /* SideMenuView.swift */,
				211828A42A4B9CD90092A148 /* SideMenuOptionView.swift */,
			);
			path = Views;
			sourceTree = "<group>";
		};
		219015FD2A367DCD00AFEC3A /* Home */ = {
			isa = PBXGroup;
			children = (
				2192DDE02A3660F600D02112 /* Views */,
				2192DDE12A36610300D02112 /* ViewModel */,
			);
			path = Home;
			sourceTree = "<group>";
		};
		219015FE2A367DF700AFEC3A /* LocationSearch */ = {
			isa = PBXGroup;
			children = (
				219016002A367E3100AFEC3A /* Views */,
				219015FF2A367E1D00AFEC3A /* ViewModel */,
			);
			path = LocationSearch;
			sourceTree = "<group>";
		};
		219015FF2A367E1D00AFEC3A /* ViewModel */ = {
			isa = PBXGroup;
			children = (
				21A22FC02A37DF7B001B30EC /* LocationSearchVIewModel.swift */,
			);
			path = ViewModel;
			sourceTree = "<group>";
		};
		219016002A367E3100AFEC3A /* Views */ = {
			isa = PBXGroup;
			children = (
				219016012A367E8900AFEC3A /* LocationSearchActivationView.swift */,
				219016052A36847300AFEC3A /* LocationSearchView.swift */,
				219016072A368AF800AFEC3A /* LocationSearchResultCell.swift */,
				21E29B982A4E503200676B83 /* SavedLocationSearchView.swift */,
			);
			path = Views;
			sourceTree = "<group>";
		};
		2192DDC02A365FAE00D02112 = {
			isa = PBXGroup;
			children = (
				2192DDCB2A365FAF00D02112 /* ride-swiftui */,
				2192DDCA2A365FAF00D02112 /* Products */,
			);
			sourceTree = "<group>";
		};
		2192DDCA2A365FAF00D02112 /* Products */ = {
			isa = PBXGroup;
			children = (
				2192DDC92A365FAF00D02112 /* ride-swiftui.app */,
			);
			name = Products;
			sourceTree = "<group>";
		};
		2192DDCB2A365FAF00D02112 /* ride-swiftui */ = {
			isa = PBXGroup;
			children = (
				21B16A802A47AB2A005EC452 /* Components */,
				2192DDDE2A36603C00D02112 /* App */,
				2192DDDD2A36603900D02112 /* Core */,
				2192DDDC2A36603500D02112 /* Extentions */,
				2192DDDB2A36602A00D02112 /* Managers */,
				2192DDDA2A36602200D02112 /* Models */,
				2192DDD02A365FB000D02112 /* Assets.xcassets */,
				21B29D7E2A48E72A00AD3F5D /* GoogleService-Info.plist */,
				2192DDD22A365FB000D02112 /* Preview Content */,
			);
			path = "ride-swiftui";
			sourceTree = "<group>";
		};
		2192DDD22A365FB000D02112 /* Preview Content */ = {
			isa = PBXGroup;
			children = (
				2192DDD32A365FB000D02112 /* Preview Assets.xcassets */,
			);
			path = "Preview Content";
			sourceTree = "<group>";
		};
		2192DDDA2A36602200D02112 /* Models */ = {
			isa = PBXGroup;
			children = (
				2192BF062A392D8A00F27259 /* MapViewState.swift */,
				219927EC2A3FB7D8006BA146 /* RideType.swift */,
				21AB15592A44DD06002F090C /* RideLocation.swift */,
				21B73E152A4B67B800878F21 /* User.swift */,
				219B8F562A4F9676003307F5 /* SavedLocation.swift */,
			);
			path = Models;
			sourceTree = "<group>";
		};
		2192DDDB2A36602A00D02112 /* Managers */ = {
			isa = PBXGroup;
			children = (
				2192DDE62A36668000D02112 /* LocationManager.swift */,
			);
			path = Managers;
			sourceTree = "<group>";
		};
		2192DDDC2A36603500D02112 /* Extentions */ = {
			isa = PBXGroup;
			children = (
				219927EE2A3FD2C9006BA146 /* Double.swift */,
				21AB155B2A44E8EE002F090C /* Color.swift */,
			);
			path = Extentions;
			sourceTree = "<group>";
		};
		2192DDDD2A36603900D02112 /* Core */ = {
			isa = PBXGroup;
			children = (
				219320BB2A4CF6A000D264D4 /* Settings */,
				2118289D2A4B95390092A148 /* SideMenu */,
				219F0A242A464EDD003A9740 /* Authentication */,
				21D364322A3B9DA80029C7C3 /* Trips */,
				219015FE2A367DF700AFEC3A /* LocationSearch */,
				219015FD2A367DCD00AFEC3A /* Home */,
			);
			path = Core;
			sourceTree = "<group>";
		};
		2192DDDE2A36603C00D02112 /* App */ = {
			isa = PBXGroup;
			children = (
				2192DDCC2A365FAF00D02112 /* ride_swiftuiApp.swift */,
			);
			path = App;
			sourceTree = "<group>";
		};
		2192DDE02A3660F600D02112 /* Views */ = {
			isa = PBXGroup;
			children = (
				2192DDE22A36613400D02112 /* HomeView.swift */,
				2192DDE42A3661CC00D02112 /* RideMapViewRepresentable.swift */,
				219016032A36826D00AFEC3A /* MapViewActionButton.swift */,
			);
			path = Views;
			sourceTree = "<group>";
		};
		2192DDE12A36610300D02112 /* ViewModel */ = {
			isa = PBXGroup;
			children = (
			);
			path = ViewModel;
			sourceTree = "<group>";
		};
		219320BB2A4CF6A000D264D4 /* Settings */ = {
			isa = PBXGroup;
			children = (
				219320BF2A4CF7A200D264D4 /* Views */,
				219320BE2A4CF79400D264D4 /* ViewModel */,
			);
			path = Settings;
			sourceTree = "<group>";
		};
		219320BE2A4CF79400D264D4 /* ViewModel */ = {
			isa = PBXGroup;
			children = (
				2195CCDB2A4E1F810045E26A /* SavedLocatonVeiwModel.swift */,
			);
			path = ViewModel;
			sourceTree = "<group>";
		};
		219320BF2A4CF7A200D264D4 /* Views */ = {
			isa = PBXGroup;
			children = (
				219320BC2A4CF6C400D264D4 /* SettingsView.swift */,
			);
			path = Views;
			sourceTree = "<group>";
		};
		219F0A242A464EDD003A9740 /* Authentication */ = {
			isa = PBXGroup;
			children = (
				219F0A272A464F1F003A9740 /* Views */,
				219F0A252A464EF1003A9740 /* ViewModel */,
			);
			path = Authentication;
			sourceTree = "<group>";
		};
		219F0A252A464EF1003A9740 /* ViewModel */ = {
			isa = PBXGroup;
			children = (
				21B1B8A32A4A41820009E920 /* AuthViewModel.swift */,
			);
			path = ViewModel;
			sourceTree = "<group>";
		};
		219F0A272A464F1F003A9740 /* Views */ = {
			isa = PBXGroup;
			children = (
				219F0A282A464F42003A9740 /* LoginView.swift */,
				219F0A2A2A464F5E003A9740 /* RegistrationView.swift */,
			);
			path = Views;
			sourceTree = "<group>";
		};
		21B16A802A47AB2A005EC452 /* Components */ = {
			isa = PBXGroup;
			children = (
				21B16A812A47AB72005EC452 /* CustomInputField.swift */,
				219320C02A4CFB4000D264D4 /* SavedLocationRowView.swift */,
				219320C22A4CFD9C00D264D4 /* SettingsRowView.swift */,
				2199F2F32A4E684300DD50B1 /* LocationSearchResultsView.swift */,
			);
			path = Components;
			sourceTree = "<group>";
		};
		21D364322A3B9DA80029C7C3 /* Trips */ = {
			isa = PBXGroup;
			children = (
				21D364332A3B9DE10029C7C3 /* TripRequestView.swift */,
			);
			path = Trips;
			sourceTree = "<group>";
		};
/* End PBXGroup section */

/* Begin PBXNativeTarget section */
		2192DDC82A365FAF00D02112 /* ride-swiftui */ = {
			isa = PBXNativeTarget;
			buildConfigurationList = 2192DDD72A365FB000D02112 /* Build configuration list for PBXNativeTarget "ride-swiftui" */;
			buildPhases = (
				2192DDC52A365FAF00D02112 /* Sources */,
				2192DDC62A365FAF00D02112 /* Frameworks */,
				2192DDC72A365FAF00D02112 /* Resources */,
			);
			buildRules = (
			);
			dependencies = (
			);
			name = "ride-swiftui";
			packageProductDependencies = (
				21B29D812A48EFAD00AD3F5D /* FirebaseAuth */,
				21B29D832A48EFAD00AD3F5D /* FirebaseFirestore */,
				21B29D852A48EFAD00AD3F5D /* FirebaseFirestoreSwift */,
				21B29D872A48EFAD00AD3F5D /* FirebaseStorage */,
			);
			productName = "ride-swiftui";
			productReference = 2192DDC92A365FAF00D02112 /* ride-swiftui.app */;
			productType = "com.apple.product-type.application";
		};
/* End PBXNativeTarget section */

/* Begin PBXProject section */
		2192DDC12A365FAE00D02112 /* Project object */ = {
			isa = PBXProject;
			attributes = {
				BuildIndependentTargetsInParallel = 1;
				LastSwiftUpdateCheck = 1430;
				LastUpgradeCheck = 1430;
				TargetAttributes = {
					2192DDC82A365FAF00D02112 = {
						CreatedOnToolsVersion = 14.3.1;
					};
				};
			};
			buildConfigurationList = 2192DDC42A365FAE00D02112 /* Build configuration list for PBXProject "ride-swiftui" */;
			compatibilityVersion = "Xcode 14.0";
			developmentRegion = en;
			hasScannedForEncodings = 0;
			knownRegions = (
				en,
				Base,
			);
			mainGroup = 2192DDC02A365FAE00D02112;
			packageReferences = (
				21B29D802A48EFAD00AD3F5D /* XCRemoteSwiftPackageReference "firebase-ios-sdk" */,
			);
			productRefGroup = 2192DDCA2A365FAF00D02112 /* Products */;
			projectDirPath = "";
			projectRoot = "";
			targets = (
				2192DDC82A365FAF00D02112 /* ride-swiftui */,
			);
		};
/* End PBXProject section */

/* Begin PBXResourcesBuildPhase section */
		2192DDC72A365FAF00D02112 /* Resources */ = {
			isa = PBXResourcesBuildPhase;
			buildActionMask = 2147483647;
			files = (
				2192DDD42A365FB000D02112 /* Preview Assets.xcassets in Resources */,
				21B29D7F2A48E72A00AD3F5D /* GoogleService-Info.plist in Resources */,
				2192DDD12A365FB000D02112 /* Assets.xcassets in Resources */,
			);
			runOnlyForDeploymentPostprocessing = 0;
		};
/* End PBXResourcesBuildPhase section */

/* Begin PBXSourcesBuildPhase section */
		2192DDC52A365FAF00D02112 /* Sources */ = {
			isa = PBXSourcesBuildPhase;
			buildActionMask = 2147483647;
			files = (
				2192DDE72A36668000D02112 /* LocationManager.swift in Sources */,
				21E29B992A4E503200676B83 /* SavedLocationSearchView.swift in Sources */,
				219320C12A4CFB4000D264D4 /* SavedLocationRowView.swift in Sources */,
				219016062A36847300AFEC3A /* LocationSearchView.swift in Sources */,
				219016042A36826D00AFEC3A /* MapViewActionButton.swift in Sources */,
				211828A32A4B9B220092A148 /* SideMenuOptionViewModel.swift in Sources */,
				2192BF072A392D8A00F27259 /* MapViewState.swift in Sources */,
				2195CCDC2A4E1F810045E26A /* SavedLocatonVeiwModel.swift in Sources */,
				219927EF2A3FD2C9006BA146 /* Double.swift in Sources */,
				219F0A2B2A464F5E003A9740 /* RegistrationView.swift in Sources */,
				2199F2F42A4E684300DD50B1 /* LocationSearchResultsView.swift in Sources */,
				21B1B8A42A4A41820009E920 /* AuthViewModel.swift in Sources */,
				21A22FC12A37DF7B001B30EC /* LocationSearchVIewModel.swift in Sources */,
				219320C32A4CFD9C00D264D4 /* SettingsRowView.swift in Sources */,
				219320BD2A4CF6C400D264D4 /* SettingsView.swift in Sources */,
				21B73E162A4B67B800878F21 /* User.swift in Sources */,
				219B8F572A4F9676003307F5 /* SavedLocation.swift in Sources */,
				2192DDE32A36613400D02112 /* HomeView.swift in Sources */,
				2192DDCD2A365FAF00D02112 /* ride_swiftuiApp.swift in Sources */,
				21AB155C2A44E8EE002F090C /* Color.swift in Sources */,
				211828A52A4B9CD90092A148 /* SideMenuOptionView.swift in Sources */,
				2192DDE52A3661CC00D02112 /* RideMapViewRepresentable.swift in Sources */,
				219016022A367E8900AFEC3A /* LocationSearchActivationView.swift in Sources */,
				21AB155A2A44DD06002F090C /* RideLocation.swift in Sources */,
				211828A12A4B958A0092A148 /* SideMenuView.swift in Sources */,
				219016082A368AF800AFEC3A /* LocationSearchResultCell.swift in Sources */,
				21D364342A3B9DE10029C7C3 /* TripRequestView.swift in Sources */,
				219F0A292A464F42003A9740 /* LoginView.swift in Sources */,
				21B16A822A47AB72005EC452 /* CustomInputField.swift in Sources */,
				219927ED2A3FB7D8006BA146 /* RideType.swift in Sources */,
			);
			runOnlyForDeploymentPostprocessing = 0;
		};
/* End PBXSourcesBuildPhase section */

/* Begin XCBuildConfiguration section */
		2192DDD52A365FB000D02112 /* Debug */ = {
			isa = XCBuildConfiguration;
			buildSettings = {
				ALWAYS_SEARCH_USER_PATHS = NO;
				CLANG_ANALYZER_NONNULL = YES;
				CLANG_ANALYZER_NUMBER_OBJECT_CONVERSION = YES_AGGRESSIVE;
				CLANG_CXX_LANGUAGE_STANDARD = "gnu++20";
				CLANG_ENABLE_MODULES = YES;
				CLANG_ENABLE_OBJC_ARC = YES;
				CLANG_ENABLE_OBJC_WEAK = YES;
				CLANG_WARN_BLOCK_CAPTURE_AUTORELEASING = YES;
				CLANG_WARN_BOOL_CONVERSION = YES;
				CLANG_WARN_COMMA = YES;
				CLANG_WARN_CONSTANT_CONVERSION = YES;
				CLANG_WARN_DEPRECATED_OBJC_IMPLEMENTATIONS = YES;
				CLANG_WARN_DIRECT_OBJC_ISA_USAGE = YES_ERROR;
				CLANG_WARN_DOCUMENTATION_COMMENTS = YES;
				CLANG_WARN_EMPTY_BODY = YES;
				CLANG_WARN_ENUM_CONVERSION = YES;
				CLANG_WARN_INFINITE_RECURSION = YES;
				CLANG_WARN_INT_CONVERSION = YES;
				CLANG_WARN_NON_LITERAL_NULL_CONVERSION = YES;
				CLANG_WARN_OBJC_IMPLICIT_RETAIN_SELF = YES;
				CLANG_WARN_OBJC_LITERAL_CONVERSION = YES;
				CLANG_WARN_OBJC_ROOT_CLASS = YES_ERROR;
				CLANG_WARN_QUOTED_INCLUDE_IN_FRAMEWORK_HEADER = YES;
				CLANG_WARN_RANGE_LOOP_ANALYSIS = YES;
				CLANG_WARN_STRICT_PROTOTYPES = YES;
				CLANG_WARN_SUSPICIOUS_MOVE = YES;
				CLANG_WARN_UNGUARDED_AVAILABILITY = YES_AGGRESSIVE;
				CLANG_WARN_UNREACHABLE_CODE = YES;
				CLANG_WARN__DUPLICATE_METHOD_MATCH = YES;
				COPY_PHASE_STRIP = NO;
				DEBUG_INFORMATION_FORMAT = dwarf;
				ENABLE_STRICT_OBJC_MSGSEND = YES;
				ENABLE_TESTABILITY = YES;
				GCC_C_LANGUAGE_STANDARD = gnu11;
				GCC_DYNAMIC_NO_PIC = NO;
				GCC_NO_COMMON_BLOCKS = YES;
				GCC_OPTIMIZATION_LEVEL = 0;
				GCC_PREPROCESSOR_DEFINITIONS = (
					"DEBUG=1",
					"$(inherited)",
				);
				GCC_WARN_64_TO_32_BIT_CONVERSION = YES;
				GCC_WARN_ABOUT_RETURN_TYPE = YES_ERROR;
				GCC_WARN_UNDECLARED_SELECTOR = YES;
				GCC_WARN_UNINITIALIZED_AUTOS = YES_AGGRESSIVE;
				GCC_WARN_UNUSED_FUNCTION = YES;
				GCC_WARN_UNUSED_VARIABLE = YES;
				IPHONEOS_DEPLOYMENT_TARGET = 16.4;
				MTL_ENABLE_DEBUG_INFO = INCLUDE_SOURCE;
				MTL_FAST_MATH = YES;
				ONLY_ACTIVE_ARCH = YES;
				SDKROOT = iphoneos;
				SWIFT_ACTIVE_COMPILATION_CONDITIONS = DEBUG;
				SWIFT_OPTIMIZATION_LEVEL = "-Onone";
			};
			name = Debug;
		};
		2192DDD62A365FB000D02112 /* Release */ = {
			isa = XCBuildConfiguration;
			buildSettings = {
				ALWAYS_SEARCH_USER_PATHS = NO;
				CLANG_ANALYZER_NONNULL = YES;
				CLANG_ANALYZER_NUMBER_OBJECT_CONVERSION = YES_AGGRESSIVE;
				CLANG_CXX_LANGUAGE_STANDARD = "gnu++20";
				CLANG_ENABLE_MODULES = YES;
				CLANG_ENABLE_OBJC_ARC = YES;
				CLANG_ENABLE_OBJC_WEAK = YES;
				CLANG_WARN_BLOCK_CAPTURE_AUTORELEASING = YES;
				CLANG_WARN_BOOL_CONVERSION = YES;
				CLANG_WARN_COMMA = YES;
				CLANG_WARN_CONSTANT_CONVERSION = YES;
				CLANG_WARN_DEPRECATED_OBJC_IMPLEMENTATIONS = YES;
				CLANG_WARN_DIRECT_OBJC_ISA_USAGE = YES_ERROR;
				CLANG_WARN_DOCUMENTATION_COMMENTS = YES;
				CLANG_WARN_EMPTY_BODY = YES;
				CLANG_WARN_ENUM_CONVERSION = YES;
				CLANG_WARN_INFINITE_RECURSION = YES;
				CLANG_WARN_INT_CONVERSION = YES;
				CLANG_WARN_NON_LITERAL_NULL_CONVERSION = YES;
				CLANG_WARN_OBJC_IMPLICIT_RETAIN_SELF = YES;
				CLANG_WARN_OBJC_LITERAL_CONVERSION = YES;
				CLANG_WARN_OBJC_ROOT_CLASS = YES_ERROR;
				CLANG_WARN_QUOTED_INCLUDE_IN_FRAMEWORK_HEADER = YES;
				CLANG_WARN_RANGE_LOOP_ANALYSIS = YES;
				CLANG_WARN_STRICT_PROTOTYPES = YES;
				CLANG_WARN_SUSPICIOUS_MOVE = YES;
				CLANG_WARN_UNGUARDED_AVAILABILITY = YES_AGGRESSIVE;
				CLANG_WARN_UNREACHABLE_CODE = YES;
				CLANG_WARN__DUPLICATE_METHOD_MATCH = YES;
				COPY_PHASE_STRIP = NO;
				DEBUG_INFORMATION_FORMAT = "dwarf-with-dsym";
				ENABLE_NS_ASSERTIONS = NO;
				ENABLE_STRICT_OBJC_MSGSEND = YES;
				GCC_C_LANGUAGE_STANDARD = gnu11;
				GCC_NO_COMMON_BLOCKS = YES;
				GCC_WARN_64_TO_32_BIT_CONVERSION = YES;
				GCC_WARN_ABOUT_RETURN_TYPE = YES_ERROR;
				GCC_WARN_UNDECLARED_SELECTOR = YES;
				GCC_WARN_UNINITIALIZED_AUTOS = YES_AGGRESSIVE;
				GCC_WARN_UNUSED_FUNCTION = YES;
				GCC_WARN_UNUSED_VARIABLE = YES;
				IPHONEOS_DEPLOYMENT_TARGET = 16.4;
				MTL_ENABLE_DEBUG_INFO = NO;
				MTL_FAST_MATH = YES;
				SDKROOT = iphoneos;
				SWIFT_COMPILATION_MODE = wholemodule;
				SWIFT_OPTIMIZATION_LEVEL = "-O";
				VALIDATE_PRODUCT = YES;
			};
			name = Release;
		};
		2192DDD82A365FB000D02112 /* Debug */ = {
			isa = XCBuildConfiguration;
			buildSettings = {
				ASSETCATALOG_COMPILER_APPICON_NAME = AppIcon;
				ASSETCATALOG_COMPILER_GLOBAL_ACCENT_COLOR_NAME = AccentColor;
				CODE_SIGN_STYLE = Automatic;
				CURRENT_PROJECT_VERSION = 1;
				DEVELOPMENT_ASSET_PATHS = "\"ride-swiftui/Preview Content\"";
				ENABLE_PREVIEWS = YES;
				GENERATE_INFOPLIST_FILE = YES;
				INFOPLIST_KEY_NSLocationWhenInUseUsageDescription = "Please allow to access your location to find you ride";
				INFOPLIST_KEY_UIApplicationSceneManifest_Generation = YES;
				INFOPLIST_KEY_UIApplicationSupportsIndirectInputEvents = YES;
				INFOPLIST_KEY_UILaunchScreen_Generation = YES;
				INFOPLIST_KEY_UISupportedInterfaceOrientations_iPad = "UIInterfaceOrientationPortrait UIInterfaceOrientationPortraitUpsideDown UIInterfaceOrientationLandscapeLeft UIInterfaceOrientationLandscapeRight";
				INFOPLIST_KEY_UISupportedInterfaceOrientations_iPhone = "UIInterfaceOrientationPortrait UIInterfaceOrientationLandscapeLeft UIInterfaceOrientationLandscapeRight";
				LD_RUNPATH_SEARCH_PATHS = (
					"$(inherited)",
					"@executable_path/Frameworks",
				);
				MARKETING_VERSION = 1.0;
				PRODUCT_BUNDLE_IDENTIFIER = "com.mdsrmed.ride-swiftui";
				PRODUCT_NAME = "$(TARGET_NAME)";
				SWIFT_EMIT_LOC_STRINGS = YES;
				SWIFT_VERSION = 5.0;
				TARGETED_DEVICE_FAMILY = "1,2";
			};
			name = Debug;
		};
		2192DDD92A365FB000D02112 /* Release */ = {
			isa = XCBuildConfiguration;
			buildSettings = {
				ASSETCATALOG_COMPILER_APPICON_NAME = AppIcon;
				ASSETCATALOG_COMPILER_GLOBAL_ACCENT_COLOR_NAME = AccentColor;
				CODE_SIGN_STYLE = Automatic;
				CURRENT_PROJECT_VERSION = 1;
				DEVELOPMENT_ASSET_PATHS = "\"ride-swiftui/Preview Content\"";
				ENABLE_PREVIEWS = YES;
				GENERATE_INFOPLIST_FILE = YES;
				INFOPLIST_KEY_NSLocationWhenInUseUsageDescription = "Please allow to access your location to find you ride";
				INFOPLIST_KEY_UIApplicationSceneManifest_Generation = YES;
				INFOPLIST_KEY_UIApplicationSupportsIndirectInputEvents = YES;
				INFOPLIST_KEY_UILaunchScreen_Generation = YES;
				INFOPLIST_KEY_UISupportedInterfaceOrientations_iPad = "UIInterfaceOrientationPortrait UIInterfaceOrientationPortraitUpsideDown UIInterfaceOrientationLandscapeLeft UIInterfaceOrientationLandscapeRight";
				INFOPLIST_KEY_UISupportedInterfaceOrientations_iPhone = "UIInterfaceOrientationPortrait UIInterfaceOrientationLandscapeLeft UIInterfaceOrientationLandscapeRight";
				LD_RUNPATH_SEARCH_PATHS = (
					"$(inherited)",
					"@executable_path/Frameworks",
				);
				MARKETING_VERSION = 1.0;
				PRODUCT_BUNDLE_IDENTIFIER = "com.mdsrmed.ride-swiftui";
				PRODUCT_NAME = "$(TARGET_NAME)";
				SWIFT_EMIT_LOC_STRINGS = YES;
				SWIFT_VERSION = 5.0;
				TARGETED_DEVICE_FAMILY = "1,2";
			};
			name = Release;
		};
/* End XCBuildConfiguration section */

/* Begin XCConfigurationList section */
		2192DDC42A365FAE00D02112 /* Build configuration list for PBXProject "ride-swiftui" */ = {
			isa = XCConfigurationList;
			buildConfigurations = (
				2192DDD52A365FB000D02112 /* Debug */,
				2192DDD62A365FB000D02112 /* Release */,
			);
			defaultConfigurationIsVisible = 0;
			defaultConfigurationName = Release;
		};
		2192DDD72A365FB000D02112 /* Build configuration list for PBXNativeTarget "ride-swiftui" */ = {
			isa = XCConfigurationList;
			buildConfigurations = (
				2192DDD82A365FB000D02112 /* Debug */,
				2192DDD92A365FB000D02112 /* Release */,
			);
			defaultConfigurationIsVisible = 0;
			defaultConfigurationName = Release;
		};
/* End XCConfigurationList section */

/* Begin XCRemoteSwiftPackageReference section */
		21B29D802A48EFAD00AD3F5D /* XCRemoteSwiftPackageReference "firebase-ios-sdk" */ = {
			isa = XCRemoteSwiftPackageReference;
			repositoryURL = "https://github.com/firebase/firebase-ios-sdk";
			requirement = {
				branch = master;
				kind = branch;
			};
		};
/* End XCRemoteSwiftPackageReference section */

/* Begin XCSwiftPackageProductDependency section */
		21B29D812A48EFAD00AD3F5D /* FirebaseAuth */ = {
			isa = XCSwiftPackageProductDependency;
			package = 21B29D802A48EFAD00AD3F5D /* XCRemoteSwiftPackageReference "firebase-ios-sdk" */;
			productName = FirebaseAuth;
		};
		21B29D832A48EFAD00AD3F5D /* FirebaseFirestore */ = {
			isa = XCSwiftPackageProductDependency;
			package = 21B29D802A48EFAD00AD3F5D /* XCRemoteSwiftPackageReference "firebase-ios-sdk" */;
			productName = FirebaseFirestore;
		};
		21B29D852A48EFAD00AD3F5D /* FirebaseFirestoreSwift */ = {
			isa = XCSwiftPackageProductDependency;
			package = 21B29D802A48EFAD00AD3F5D /* XCRemoteSwiftPackageReference "firebase-ios-sdk" */;
			productName = FirebaseFirestoreSwift;
		};
		21B29D872A48EFAD00AD3F5D /* FirebaseStorage */ = {
			isa = XCSwiftPackageProductDependency;
			package = 21B29D802A48EFAD00AD3F5D /* XCRemoteSwiftPackageReference "firebase-ios-sdk" */;
			productName = FirebaseStorage;
		};
/* End XCSwiftPackageProductDependency section */
	};
	rootObject = 2192DDC12A365FAE00D02112 /* Project object */;
}
